
Microsoft Visual Studio Solution File, Format Version 12.00
# Visual Studio 15
VisualStudioVersion = 15.0.26730.12
MinimumVisualStudioVersion = 10.0.40219.1
Project("{FAE04EC0-301F-11D3-BF4B-00C04F79EFBC}") = "ConsoleVSRepoApp", "ConsoleVSRepoApp\ConsoleVSRepoApp.csproj", "{8FEBFC46-A627-40C9-91EC-3A23597A1BEB}"
EndProject
Global
	GlobalSection(SolutionConfigurationPlatforms) = preSolution
		Debug|Any CPU = Debug|Any CPU
		Release|Any CPU = Release|Any CPU
	EndGlobalSection
	GlobalSection(ProjectConfigurationPlatforms) = postSolution
		{8FEBFC46-A627-40C9-91EC-3A23597A1BEB}.Debug|Any CPU.ActiveCfg = Debug|Any CPU
		{8FEBFC46-A627-40C9-91EC-3A23597A1BEB}.Debug|Any CPU.Build.0 = Debug|Any CPU
		{8FEBFC46-A627-40C9-91EC-3A23597A1BEB}.Release|Any CPU.ActiveCfg = Release|Any CPU
		{8FEBFC46-A627-40C9-91EC-3A23597A1BEB}.Release|Any CPU.Build.0 = Release|Any CPU
	EndGlobalSection
	GlobalSection(SolutionProperties) = preSolution
		HideSolutionNode = FALSE
	EndGlobalSection
	GlobalSection(ExtensibilityGlobals) = postSolution
		SolutionGuid = {4EC1A8BE-AFA3-4786-8B99-D7B9E1C0B7D0}
	EndGlobalSection
EndGlobal
